
Microsoft Visual Studio Solution File, Format Version 12.00
# Visual Studio Version 17
VisualStudioVersion = 17.8.34330.188
MinimumVisualStudioVersion = 10.0.40219.1
Project("{FAE04EC0-301F-11D3-BF4B-00C04F79EFBC}") = "DevLapse", "DevLapse.csproj", "{3F861778-6014-4D12-95BE-4A31DAAD6F52}"
EndProject
Global
	GlobalSection(SolutionConfigurationPlatforms) = preSolution
		Debug|Any CPU = Debug|Any CPU
		Release|Any CPU = Release|Any CPU
	EndGlobalSection
	GlobalSection(ProjectConfigurationPlatforms) = postSolution
		{3F861778-6014-4D12-95BE-4A31DAAD6F52}.Debug|Any CPU.ActiveCfg = Debug|Any CPU
		{3F861778-6014-4D12-95BE-4A31DAAD6F52}.Debug|Any CPU.Build.0 = Debug|Any CPU
		{3F861778-6014-4D12-95BE-4A31DAAD6F52}.Release|Any CPU.ActiveCfg = Release|Any CPU
		{3F861778-6014-4D12-95BE-4A31DAAD6F52}.Release|Any CPU.Build.0 = Release|Any CPU
	EndGlobalSection
	GlobalSection(SolutionProperties) = preSolution
		HideSolutionNode = FALSE
	EndGlobalSection
	GlobalSection(ExtensibilityGlobals) = postSolution
		SolutionGuid = {DF66CE1A-1969-4EE5-9ECD-2DC1A414D1A1}
	EndGlobalSection
EndGlobal
